
Microsoft Visual Studio Solution File, Format Version 12.00
# Visual Studio Version 16
VisualStudioVersion = 16.0.30204.135
MinimumVisualStudioVersion = 10.0.40219.1
Project("{FAE04EC0-301F-11D3-BF4B-00C04F79EFBC}") = "WebApplication8", "WebApplication8.csproj", "{E1125F09-A00B-4A0A-B043-B769618DF3EE}"
EndProject
Global
	GlobalSection(SolutionConfigurationPlatforms) = preSolution
		Debug|Any CPU = Debug|Any CPU
		Release|Any CPU = Release|Any CPU
	EndGlobalSection
	GlobalSection(ProjectConfigurationPlatforms) = postSolution
		{E1125F09-A00B-4A0A-B043-B769618DF3EE}.Debug|Any CPU.ActiveCfg = Debug|Any CPU
		{E1125F09-A00B-4A0A-B043-B769618DF3EE}.Debug|Any CPU.Build.0 = Debug|Any CPU
		{E1125F09-A00B-4A0A-B043-B769618DF3EE}.Release|Any CPU.ActiveCfg = Release|Any CPU
		{E1125F09-A00B-4A0A-B043-B769618DF3EE}.Release|Any CPU.Build.0 = Release|Any CPU
	EndGlobalSection
	GlobalSection(SolutionProperties) = preSolution
		HideSolutionNode = FALSE
	EndGlobalSection
	GlobalSection(ExtensibilityGlobals) = postSolution
		SolutionGuid = {B6CD7FF3-D24D-4929-B8B8-92B5FBF59A5C}
	EndGlobalSection
EndGlobal
